
Microsoft Visual Studio Solution File, Format Version 12.00
# Visual Studio Version 17
VisualStudioVersion = 17.13.35931.197 d17.13
MinimumVisualStudioVersion = 10.0.40219.1
Project("{FAE04EC0-301F-11D3-BF4B-00C04F79EFBC}") = "NinjaTrader.Custom", "NinjaTrader.Custom.csproj", "{2385C683-C0AD-23B2-FCBB-822ACCF1C17F}"
EndProject
Global
	GlobalSection(SolutionConfigurationPlatforms) = preSolution
		Debug|x64 = Debug|x64
		Release|x64 = Release|x64
	EndGlobalSection
	GlobalSection(ProjectConfigurationPlatforms) = postSolution
		{2385C683-C0AD-23B2-FCBB-822ACCF1C17F}.Debug|x64.ActiveCfg = Debug|x64
		{2385C683-C0AD-23B2-FCBB-822ACCF1C17F}.Debug|x64.Build.0 = Debug|x64
		{2385C683-C0AD-23B2-FCBB-822ACCF1C17F}.Release|x64.ActiveCfg = Release|x64
		{2385C683-C0AD-23B2-FCBB-822ACCF1C17F}.Release|x64.Build.0 = Release|x64
	EndGlobalSection
	GlobalSection(SolutionProperties) = preSolution
		HideSolutionNode = FALSE
	EndGlobalSection
	GlobalSection(ExtensibilityGlobals) = postSolution
		SolutionGuid = {D991CE29-DCE1-4FD8-BFDA-2E9A2254B0A1}
	EndGlobalSection
EndGlobal
